
Microsoft Visual Studio Solution File, Format Version 12.00
# Visual Studio 15
VisualStudioVersion = 15.0.28307.902
MinimumVisualStudioVersion = 10.0.40219.1
Project("{8BC9CEB8-8B4A-11D0-8D11-00A0C91BC942}") = "Crane", "Crane.vcxproj", "{3DE7DA73-3DB9-4781-884F-379906B2DB75}"
EndProject
Project("{2150E333-8FDC-42A3-9474-1A3956D46DE8}") = "Solution Items", "Solution Items", "{2315411D-9104-4D9E-AB10-A7FF243FA4B8}"
EndProject
Global
	GlobalSection(SolutionConfigurationPlatforms) = preSolution
		Debug|Win32 = Debug|Win32
		Debug|x64 = Debug|x64
		Debug|x86 = Debug|x86
		Release|Win32 = Release|Win32
		Release|x64 = Release|x64
		Release|x86 = Release|x86
	EndGlobalSection
	GlobalSection(ProjectConfigurationPlatforms) = postSolution
		{3DE7DA73-3DB9-4781-884F-379906B2DB75}.Debug|Win32.ActiveCfg = Debug|Win32
		{3DE7DA73-3DB9-4781-884F-379906B2DB75}.Debug|Win32.Build.0 = Debug|Win32
		{3DE7DA73-3DB9-4781-884F-379906B2DB75}.Debug|x64.ActiveCfg = Debug|x64
		{3DE7DA73-3DB9-4781-884F-379906B2DB75}.Debug|x64.Build.0 = Debug|x64
		{3DE7DA73-3DB9-4781-884F-379906B2DB75}.Debug|x86.ActiveCfg = Debug|Win32
		{3DE7DA73-3DB9-4781-884F-379906B2DB75}.Debug|x86.Build.0 = Debug|Win32
		{3DE7DA73-3DB9-4781-884F-379906B2DB75}.Release|Win32.ActiveCfg = Release|Win32
		{3DE7DA73-3DB9-4781-884F-379906B2DB75}.Release|Win32.Build.0 = Release|Win32
		{3DE7DA73-3DB9-4781-884F-379906B2DB75}.Release|x64.ActiveCfg = Release|x64
		{3DE7DA73-3DB9-4781-884F-379906B2DB75}.Release|x64.Build.0 = Release|x64
		{3DE7DA73-3DB9-4781-884F-379906B2DB75}.Release|x86.ActiveCfg = Release|Win32
		{3DE7DA73-3DB9-4781-884F-379906B2DB75}.Release|x86.Build.0 = Release|Win32
	EndGlobalSection
	GlobalSection(SolutionProperties) = preSolution
		HideSolutionNode = FALSE
	EndGlobalSection
	GlobalSection(ExtensibilityGlobals) = postSolution
		SolutionGuid = {45017E79-9FB6-497E-BC05-990CE1583906}
	EndGlobalSection
EndGlobal
